
Microsoft Visual Studio Solution File, Format Version 12.00
# Visual Studio Version 17
VisualStudioVersion = 17.10.35122.118
MinimumVisualStudioVersion = 10.0.40219.1
Project("{9A19103F-16F7-4668-BE54-9A1E7A4F7556}") = "InterviewPortal.API", "InterviewPortal.API\InterviewPortal.API.csproj", "{97773A9B-6A87-4CC8-8A70-AD29583B3D6B}"
EndProject
Project("{E24C65DC-7377-472B-9ABA-BC803B73C61A}") = "InterviewPortal_UI", "InterviewPortal_UI\", "{A85B1A67-DFAD-4656-B219-5EA8D0AF4986}"
	ProjectSection(WebsiteProperties) = preProject
		TargetFrameworkMoniker = ".NETFramework,Version%3Dv4.0"
		Debug.AspNetCompiler.VirtualPath = "/localhost_60256"
		Debug.AspNetCompiler.PhysicalPath = "InterviewPortal_UI\"
		Debug.AspNetCompiler.TargetPath = "PrecompiledWeb\localhost_60256\"
		Debug.AspNetCompiler.Updateable = "true"
		Debug.AspNetCompiler.ForceOverwrite = "true"
		Debug.AspNetCompiler.FixedNames = "false"
		Debug.AspNetCompiler.Debug = "True"
		Release.AspNetCompiler.VirtualPath = "/localhost_60256"
		Release.AspNetCompiler.PhysicalPath = "InterviewPortal_UI\"
		Release.AspNetCompiler.TargetPath = "PrecompiledWeb\localhost_60256\"
		Release.AspNetCompiler.Updateable = "true"
		Release.AspNetCompiler.ForceOverwrite = "true"
		Release.AspNetCompiler.FixedNames = "false"
		Release.AspNetCompiler.Debug = "False"
		VWDPort = "60256"
		SlnRelativePath = "InterviewPortal_UI\"
	EndProjectSection
EndProject
Global
	GlobalSection(SolutionConfigurationPlatforms) = preSolution
		Debug|Any CPU = Debug|Any CPU
		Release|Any CPU = Release|Any CPU
	EndGlobalSection
	GlobalSection(ProjectConfigurationPlatforms) = postSolution
		{97773A9B-6A87-4CC8-8A70-AD29583B3D6B}.Debug|Any CPU.ActiveCfg = Debug|Any CPU
		{97773A9B-6A87-4CC8-8A70-AD29583B3D6B}.Debug|Any CPU.Build.0 = Debug|Any CPU
		{97773A9B-6A87-4CC8-8A70-AD29583B3D6B}.Release|Any CPU.ActiveCfg = Release|Any CPU
		{97773A9B-6A87-4CC8-8A70-AD29583B3D6B}.Release|Any CPU.Build.0 = Release|Any CPU
		{A85B1A67-DFAD-4656-B219-5EA8D0AF4986}.Debug|Any CPU.ActiveCfg = Debug|Any CPU
		{A85B1A67-DFAD-4656-B219-5EA8D0AF4986}.Debug|Any CPU.Build.0 = Debug|Any CPU
		{A85B1A67-DFAD-4656-B219-5EA8D0AF4986}.Release|Any CPU.ActiveCfg = Debug|Any CPU
		{A85B1A67-DFAD-4656-B219-5EA8D0AF4986}.Release|Any CPU.Build.0 = Debug|Any CPU
	EndGlobalSection
	GlobalSection(SolutionProperties) = preSolution
		HideSolutionNode = FALSE
	EndGlobalSection
	GlobalSection(ExtensibilityGlobals) = postSolution
		SolutionGuid = {C13F722F-5B3C-4A95-9DFD-16D8D42A8AC4}
	EndGlobalSection
EndGlobal
